// !$*UTF8*$!
{
	archiveVersion = 1;
	classes = {
	};
	objectVersion = 55;
	objects = {

/* Begin PBXBuildFile section */
		FA0EC0B92842421B0003FE71 /* AudioPlayer.swift in Sources */ = {isa = PBXBuildFile; fileRef = FA0EC0B82842421B0003FE71 /* AudioPlayer.swift */; };
		FAB4BED5283AD418005F8B48 /* RestartApp.swift in Sources */ = {isa = PBXBuildFile; fileRef = FAB4BED4283AD418005F8B48 /* RestartApp.swift */; };
		FAB4BED7283AD418005F8B48 /* ContentView.swift in Sources */ = {isa = PBXBuildFile; fileRef = FAB4BED6283AD418005F8B48 /* ContentView.swift */; };
		FAB4BED9283AD41E005F8B48 /* Assets.xcassets in Resources */ = {isa = PBXBuildFile; fileRef = FAB4BED8283AD41E005F8B48 /* Assets.xcassets */; };
		FAB4BEDC283AD41E005F8B48 /* Preview Assets.xcassets in Resources */ = {isa = PBXBuildFile; fileRef = FAB4BEDB283AD41E005F8B48 /* Preview Assets.xcassets */; };
		FAB4BEE4283AD4E4005F8B48 /* success.m4a in Resources */ = {isa = PBXBuildFile; fileRef = FAB4BEE2283AD4E4005F8B48 /* success.m4a */; };
		FAB4BEE5283AD4E4005F8B48 /* chimeup.mp3 in Resources */ = {isa = PBXBuildFile; fileRef = FAB4BEE3283AD4E4005F8B48 /* chimeup.mp3 */; };
		FAB4BEEC283AD8C9005F8B48 /* OnboardingView.swift in Sources */ = {isa = PBXBuildFile; fileRef = FAB4BEEB283AD8C9005F8B48 /* OnboardingView.swift */; };
		FAB4BEEE283AD8EB005F8B48 /* HomeView.swift in Sources */ = {isa = PBXBuildFile; fileRef = FAB4BEED283AD8EB005F8B48 /* HomeView.swift */; };
		FAE5C561283FFB940076A5DC /* CircleGroupView.swift in Sources */ = {isa = PBXBuildFile; fileRef = FAE5C560283FFB940076A5DC /* CircleGroupView.swift */; };
/* End PBXBuildFile section */

/* Begin PBXFileReference section */
		FA0EC0B82842421B0003FE71 /* AudioPlayer.swift */ = {isa = PBXFileReference; lastKnownFileType = sourcecode.swift; path = AudioPlayer.swift; sourceTree = "<group>"; };
		FAB4BED1283AD418005F8B48 /* Restart.app */ = {isa = PBXFileReference; explicitFileType = wrapper.application; includeInIndex = 0; path = Restart.app; sourceTree = BUILT_PRODUCTS_DIR; };
		FAB4BED4283AD418005F8B48 /* RestartApp.swift */ = {isa = PBXFileReference; lastKnownFileType = sourcecode.swift; path = RestartApp.swift; sourceTree = "<group>"; };
		FAB4BED6283AD418005F8B48 /* ContentView.swift */ = {isa = PBXFileReference; lastKnownFileType = sourcecode.swift; path = ContentView.swift; sourceTree = "<group>"; };
		FAB4BED8283AD41E005F8B48 /* Assets.xcassets */ = {isa = PBXFileReference; lastKnownFileType = folder.assetcatalog; path = Assets.xcassets; sourceTree = "<group>"; };
		FAB4BEDB283AD41E005F8B48 /* Preview Assets.xcassets */ = {isa = PBXFileReference; lastKnownFileType = folder.assetcatalog; path = "Preview Assets.xcassets"; sourceTree = "<group>"; };
		FAB4BEE2283AD4E4005F8B48 /* success.m4a */ = {isa = PBXFileReference; lastKnownFileType = file; path = success.m4a; sourceTree = "<group>"; };
		FAB4BEE3283AD4E4005F8B48 /* chimeup.mp3 */ = {isa = PBXFileReference; lastKnownFileType = audio.mp3; path = chimeup.mp3; sourceTree = "<group>"; };
		FAB4BEEA283AD7A3005F8B48 /* Info.plist */ = {isa = PBXFileReference; lastKnownFileType = text.plist; path = Info.plist; sourceTree = "<group>"; };
		FAB4BEEB283AD8C9005F8B48 /* OnboardingView.swift */ = {isa = PBXFileReference; lastKnownFileType = sourcecode.swift; path = OnboardingView.swift; sourceTree = "<group>"; };
		FAB4BEED283AD8EB005F8B48 /* HomeView.swift */ = {isa = PBXFileReference; lastKnownFileType = sourcecode.swift; path = HomeView.swift; sourceTree = "<group>"; };
		FAE5C560283FFB940076A5DC /* CircleGroupView.swift */ = {isa = PBXFileReference; lastKnownFileType = sourcecode.swift; path = CircleGroupView.swift; sourceTree = "<group>"; };
/* End PBXFileReference section */

/* Begin PBXFrameworksBuildPhase section */
		FAB4BECE283AD418005F8B48 /* Frameworks */ = {
			isa = PBXFrameworksBuildPhase;
			buildActionMask = 2147483647;
			files = (
			);
			runOnlyForDeploymentPostprocessing = 0;
		};
/* End PBXFrameworksBuildPhase section */

/* Begin PBXGroup section */
		FAB4BEC8283AD418005F8B48 = {
			isa = PBXGroup;
			children = (
				FAB4BED3283AD418005F8B48 /* Restart */,
				FAB4BED2283AD418005F8B48 /* Products */,
			);
			sourceTree = "<group>";
		};
		FAB4BED2283AD418005F8B48 /* Products */ = {
			isa = PBXGroup;
			children = (
				FAB4BED1283AD418005F8B48 /* Restart.app */,
			);
			name = Products;
			sourceTree = "<group>";
		};
		FAB4BED3283AD418005F8B48 /* Restart */ = {
			isa = PBXGroup;
			children = (
				FAB4BEEA283AD7A3005F8B48 /* Info.plist */,
				FAB4BED4283AD418005F8B48 /* RestartApp.swift */,
				FAB4BED8283AD41E005F8B48 /* Assets.xcassets */,
				FAB4BEDA283AD41E005F8B48 /* Preview Content */,
				FAB4BEE7283AD6CC005F8B48 /* Screens */,
				FAB4BEE6283AD554005F8B48 /* Sounds */,
				FAB4BEE9283AD6FC005F8B48 /* Utilities */,
				FAB4BEE8283AD6E4005F8B48 /* Views */,
			);
			path = Restart;
			sourceTree = "<group>";
		};
		FAB4BEDA283AD41E005F8B48 /* Preview Content */ = {
			isa = PBXGroup;
			children = (
				FAB4BEDB283AD41E005F8B48 /* Preview Assets.xcassets */,
			);
			path = "Preview Content";
			sourceTree = "<group>";
		};
		FAB4BEE6283AD554005F8B48 /* Sounds */ = {
			isa = PBXGroup;
			children = (
				FAB4BEE3283AD4E4005F8B48 /* chimeup.mp3 */,
				FAB4BEE2283AD4E4005F8B48 /* success.m4a */,
			);
			path = Sounds;
			sourceTree = "<group>";
		};
		FAB4BEE7283AD6CC005F8B48 /* Screens */ = {
			isa = PBXGroup;
			children = (
				FAB4BED6283AD418005F8B48 /* ContentView.swift */,
				FAB4BEEB283AD8C9005F8B48 /* OnboardingView.swift */,
				FAB4BEED283AD8EB005F8B48 /* HomeView.swift */,
			);
			path = Screens;
			sourceTree = "<group>";
		};
		FAB4BEE8283AD6E4005F8B48 /* Views */ = {
			isa = PBXGroup;
			children = (
				FAE5C560283FFB940076A5DC /* CircleGroupView.swift */,
			);
			path = Views;
			sourceTree = "<group>";
		};
		FAB4BEE9283AD6FC005F8B48 /* Utilities */ = {
			isa = PBXGroup;
			children = (
				FA0EC0B82842421B0003FE71 /* AudioPlayer.swift */,
			);
			path = Utilities;
			sourceTree = "<group>";
		};
/* End PBXGroup section */

/* Begin PBXNativeTarget section */
		FAB4BED0283AD418005F8B48 /* Restart */ = {
			isa = PBXNativeTarget;
			buildConfigurationList = FAB4BEDF283AD41E005F8B48 /* Build configuration list for PBXNativeTarget "Restart" */;
			buildPhases = (
				FAB4BECD283AD418005F8B48 /* Sources */,
				FAB4BECE283AD418005F8B48 /* Frameworks */,
				FAB4BECF283AD418005F8B48 /* Resources */,
			);
			buildRules = (
			);
			dependencies = (
			);
			name = Restart;
			productName = Restart;
			productReference = FAB4BED1283AD418005F8B48 /* Restart.app */;
			productType = "com.apple.product-type.application";
		};
/* End PBXNativeTarget section */

/* Begin PBXProject section */
		FAB4BEC9283AD418005F8B48 /* Project object */ = {
			isa = PBXProject;
			attributes = {
				BuildIndependentTargetsInParallel = 1;
				LastSwiftUpdateCheck = 1340;
				LastUpgradeCheck = 1340;
				TargetAttributes = {
					FAB4BED0283AD418005F8B48 = {
						CreatedOnToolsVersion = 13.4;
					};
				};
			};
			buildConfigurationList = FAB4BECC283AD418005F8B48 /* Build configuration list for PBXProject "Restart" */;
			compatibilityVersion = "Xcode 13.0";
			developmentRegion = en;
			hasScannedForEncodings = 0;
			knownRegions = (
				en,
				Base,
			);
			mainGroup = FAB4BEC8283AD418005F8B48;
			productRefGroup = FAB4BED2283AD418005F8B48 /* Products */;
			projectDirPath = "";
			projectRoot = "";
			targets = (
				FAB4BED0283AD418005F8B48 /* Restart */,
			);
		};
/* End PBXProject section */

/* Begin PBXResourcesBuildPhase section */
		FAB4BECF283AD418005F8B48 /* Resources */ = {
			isa = PBXResourcesBuildPhase;
			buildActionMask = 2147483647;
			files = (
				FAB4BEE5283AD4E4005F8B48 /* chimeup.mp3 in Resources */,
				FAB4BEDC283AD41E005F8B48 /* Preview Assets.xcassets in Resources */,
				FAB4BEE4283AD4E4005F8B48 /* success.m4a in Resources */,
				FAB4BED9283AD41E005F8B48 /* Assets.xcassets in Resources */,
			);
			runOnlyForDeploymentPostprocessing = 0;
		};
/* End PBXResourcesBuildPhase section */

/* Begin PBXSourcesBuildPhase section */
		FAB4BECD283AD418005F8B48 /* Sources */ = {
			isa = PBXSourcesBuildPhase;
			buildActionMask = 2147483647;
			files = (
				FAE5C561283FFB940076A5DC /* CircleGroupView.swift in Sources */,
				FAB4BEEC283AD8C9005F8B48 /* OnboardingView.swift in Sources */,
				FAB4BEEE283AD8EB005F8B48 /* HomeView.swift in Sources */,
				FAB4BED7283AD418005F8B48 /* ContentView.swift in Sources */,
				FAB4BED5283AD418005F8B48 /* RestartApp.swift in Sources */,
				FA0EC0B92842421B0003FE71 /* AudioPlayer.swift in Sources */,
			);
			runOnlyForDeploymentPostprocessing = 0;
		};
/* End PBXSourcesBuildPhase section */

/* Begin XCBuildConfiguration section */
		FAB4BEDD283AD41E005F8B48 /* Debug */ = {
			isa = XCBuildConfiguration;
			buildSettings = {
				ALWAYS_SEARCH_USER_PATHS = NO;
				CLANG_ANALYZER_NONNULL = YES;
				CLANG_ANALYZER_NUMBER_OBJECT_CONVERSION = YES_AGGRESSIVE;
				CLANG_CXX_LANGUAGE_STANDARD = "gnu++17";
				CLANG_ENABLE_MODULES = YES;
				CLANG_ENABLE_OBJC_ARC = YES;
				CLANG_ENABLE_OBJC_WEAK = YES;
				CLANG_WARN_BLOCK_CAPTURE_AUTORELEASING = YES;
				CLANG_WARN_BOOL_CONVERSION = YES;
				CLANG_WARN_COMMA = YES;
				CLANG_WARN_CONSTANT_CONVERSION = YES;
				CLANG_WARN_DEPRECATED_OBJC_IMPLEMENTATIONS = YES;
				CLANG_WARN_DIRECT_OBJC_ISA_USAGE = YES_ERROR;
				CLANG_WARN_DOCUMENTATION_COMMENTS = YES;
				CLANG_WARN_EMPTY_BODY = YES;
				CLANG_WARN_ENUM_CONVERSION = YES;
				CLANG_WARN_INFINITE_RECURSION = YES;
				CLANG_WARN_INT_CONVERSION = YES;
				CLANG_WARN_NON_LITERAL_NULL_CONVERSION = YES;
				CLANG_WARN_OBJC_IMPLICIT_RETAIN_SELF = YES;
				CLANG_WARN_OBJC_LITERAL_CONVERSION = YES;
				CLANG_WARN_OBJC_ROOT_CLASS = YES_ERROR;
				CLANG_WARN_QUOTED_INCLUDE_IN_FRAMEWORK_HEADER = YES;
				CLANG_WARN_RANGE_LOOP_ANALYSIS = YES;
				CLANG_WARN_STRICT_PROTOTYPES = YES;
				CLANG_WARN_SUSPICIOUS_MOVE = YES;
				CLANG_WARN_UNGUARDED_AVAILABILITY = YES_AGGRESSIVE;
				CLANG_WARN_UNREACHABLE_CODE = YES;
				CLANG_WARN__DUPLICATE_METHOD_MATCH = YES;
				COPY_PHASE_STRIP = NO;
				DEBUG_INFORMATION_FORMAT = dwarf;
				ENABLE_STRICT_OBJC_MSGSEND = YES;
				ENABLE_TESTABILITY = YES;
				GCC_C_LANGUAGE_STANDARD = gnu11;
				GCC_DYNAMIC_NO_PIC = NO;
				GCC_NO_COMMON_BLOCKS = YES;
				GCC_OPTIMIZATION_LEVEL = 0;
				GCC_PREPROCESSOR_DEFINITIONS = (
					"DEBUG=1",
					"$(inherited)",
				);
				GCC_WARN_64_TO_32_BIT_CONVERSION = YES;
				GCC_WARN_ABOUT_RETURN_TYPE = YES_ERROR;
				GCC_WARN_UNDECLARED_SELECTOR = YES;
				GCC_WARN_UNINITIALIZED_AUTOS = YES_AGGRESSIVE;
				GCC_WARN_UNUSED_FUNCTION = YES;
				GCC_WARN_UNUSED_VARIABLE = YES;
				IPHONEOS_DEPLOYMENT_TARGET = 15.5;
				MTL_ENABLE_DEBUG_INFO = INCLUDE_SOURCE;
				MTL_FAST_MATH = YES;
				ONLY_ACTIVE_ARCH = YES;
				SDKROOT = iphoneos;
				SWIFT_ACTIVE_COMPILATION_CONDITIONS = DEBUG;
				SWIFT_OPTIMIZATION_LEVEL = "-Onone";
			};
			name = Debug;
		};
		FAB4BEDE283AD41E005F8B48 /* Release */ = {
			isa = XCBuildConfiguration;
			buildSettings = {
				ALWAYS_SEARCH_USER_PATHS = NO;
				CLANG_ANALYZER_NONNULL = YES;
				CLANG_ANALYZER_NUMBER_OBJECT_CONVERSION = YES_AGGRESSIVE;
				CLANG_CXX_LANGUAGE_STANDARD = "gnu++17";
				CLANG_ENABLE_MODULES = YES;
				CLANG_ENABLE_OBJC_ARC = YES;
				CLANG_ENABLE_OBJC_WEAK = YES;
				CLANG_WARN_BLOCK_CAPTURE_AUTORELEASING = YES;
				CLANG_WARN_BOOL_CONVERSION = YES;
				CLANG_WARN_COMMA = YES;
				CLANG_WARN_CONSTANT_CONVERSION = YES;
				CLANG_WARN_DEPRECATED_OBJC_IMPLEMENTATIONS = YES;
				CLANG_WARN_DIRECT_OBJC_ISA_USAGE = YES_ERROR;
				CLANG_WARN_DOCUMENTATION_COMMENTS = YES;
				CLANG_WARN_EMPTY_BODY = YES;
				CLANG_WARN_ENUM_CONVERSION = YES;
				CLANG_WARN_INFINITE_RECURSION = YES;
				CLANG_WARN_INT_CONVERSION = YES;
				CLANG_WARN_NON_LITERAL_NULL_CONVERSION = YES;
				CLANG_WARN_OBJC_IMPLICIT_RETAIN_SELF = YES;
				CLANG_WARN_OBJC_LITERAL_CONVERSION = YES;
				CLANG_WARN_OBJC_ROOT_CLASS = YES_ERROR;
				CLANG_WARN_QUOTED_INCLUDE_IN_FRAMEWORK_HEADER = YES;
				CLANG_WARN_RANGE_LOOP_ANALYSIS = YES;
				CLANG_WARN_STRICT_PROTOTYPES = YES;
				CLANG_WARN_SUSPICIOUS_MOVE = YES;
				CLANG_WARN_UNGUARDED_AVAILABILITY = YES_AGGRESSIVE;
				CLANG_WARN_UNREACHABLE_CODE = YES;
				CLANG_WARN__DUPLICATE_METHOD_MATCH = YES;
				COPY_PHASE_STRIP = NO;
				DEBUG_INFORMATION_FORMAT = "dwarf-with-dsym";
				ENABLE_NS_ASSERTIONS = NO;
				ENABLE_STRICT_OBJC_MSGSEND = YES;
				GCC_C_LANGUAGE_STANDARD = gnu11;
				GCC_NO_COMMON_BLOCKS = YES;
				GCC_WARN_64_TO_32_BIT_CONVERSION = YES;
				GCC_WARN_ABOUT_RETURN_TYPE = YES_ERROR;
				GCC_WARN_UNDECLARED_SELECTOR = YES;
				GCC_WARN_UNINITIALIZED_AUTOS = YES_AGGRESSIVE;
				GCC_WARN_UNUSED_FUNCTION = YES;
				GCC_WARN_UNUSED_VARIABLE = YES;
				IPHONEOS_DEPLOYMENT_TARGET = 15.5;
				MTL_ENABLE_DEBUG_INFO = NO;
				MTL_FAST_MATH = YES;
				SDKROOT = iphoneos;
				SWIFT_COMPILATION_MODE = wholemodule;
				SWIFT_OPTIMIZATION_LEVEL = "-O";
				VALIDATE_PRODUCT = YES;
			};
			name = Release;
		};
		FAB4BEE0283AD41E005F8B48 /* Debug */ = {
			isa = XCBuildConfiguration;
			buildSettings = {
				ASSETCATALOG_COMPILER_APPICON_NAME = AppIcon;
				ASSETCATALOG_COMPILER_GLOBAL_ACCENT_COLOR_NAME = AccentColor;
				CODE_SIGN_STYLE = Automatic;
				CURRENT_PROJECT_VERSION = 1;
				DEVELOPMENT_ASSET_PATHS = "\"Restart/Preview Content\"";
				DEVELOPMENT_TEAM = UNSBUCHFN8;
				ENABLE_PREVIEWS = YES;
				GENERATE_INFOPLIST_FILE = YES;
				INFOPLIST_FILE = Restart/Info.plist;
				INFOPLIST_KEY_UIApplicationSceneManifest_Generation = YES;
				INFOPLIST_KEY_UIApplicationSupportsIndirectInputEvents = YES;
				INFOPLIST_KEY_UISupportedInterfaceOrientations = UIInterfaceOrientationPortrait;
				INFOPLIST_KEY_UISupportedInterfaceOrientations_iPad = "UIInterfaceOrientationPortrait UIInterfaceOrientationPortraitUpsideDown UIInterfaceOrientationLandscapeLeft UIInterfaceOrientationLandscapeRight";
				INFOPLIST_KEY_UISupportedInterfaceOrientations_iPhone = UIInterfaceOrientationPortrait;
				LD_RUNPATH_SEARCH_PATHS = (
					"$(inherited)",
					"@executable_path/Frameworks",
				);
				MARKETING_VERSION = 1.0;
				PRODUCT_BUNDLE_IDENTIFIER = com.aleksandrspetruhins.Restart;
				PRODUCT_NAME = "$(TARGET_NAME)";
				SWIFT_EMIT_LOC_STRINGS = YES;
				SWIFT_VERSION = 5.0;
				TARGETED_DEVICE_FAMILY = "1,2";
			};
			name = Debug;
		};
		FAB4BEE1283AD41E005F8B48 /* Release */ = {
			isa = XCBuildConfiguration;
			buildSettings = {
				ASSETCATALOG_COMPILER_APPICON_NAME = AppIcon;
				ASSETCATALOG_COMPILER_GLOBAL_ACCENT_COLOR_NAME = AccentColor;
				CODE_SIGN_STYLE = Automatic;
				CURRENT_PROJECT_VERSION = 1;
				DEVELOPMENT_ASSET_PATHS = "\"Restart/Preview Content\"";
				DEVELOPMENT_TEAM = UNSBUCHFN8;
				ENABLE_PREVIEWS = YES;
				GENERATE_INFOPLIST_FILE = YES;
				INFOPLIST_FILE = Restart/Info.plist;
				INFOPLIST_KEY_UIApplicationSceneManifest_Generation = YES;
				INFOPLIST_KEY_UIApplicationSupportsIndirectInputEvents = YES;
				INFOPLIST_KEY_UISupportedInterfaceOrientations = UIInterfaceOrientationPortrait;
				INFOPLIST_KEY_UISupportedInterfaceOrientations_iPad = "UIInterfaceOrientationPortrait UIInterfaceOrientationPortraitUpsideDown UIInterfaceOrientationLandscapeLeft UIInterfaceOrientationLandscapeRight";
				INFOPLIST_KEY_UISupportedInterfaceOrientations_iPhone = UIInterfaceOrientationPortrait;
				LD_RUNPATH_SEARCH_PATHS = (
					"$(inherited)",
					"@executable_path/Frameworks",
				);
				MARKETING_VERSION = 1.0;
				PRODUCT_BUNDLE_IDENTIFIER = com.aleksandrspetruhins.Restart;
				PRODUCT_NAME = "$(TARGET_NAME)";
				SWIFT_EMIT_LOC_STRINGS = YES;
				SWIFT_VERSION = 5.0;
				TARGETED_DEVICE_FAMILY = "1,2";
			};
			name = Release;
		};
/* End XCBuildConfiguration section */

/* Begin XCConfigurationList section */
		FAB4BECC283AD418005F8B48 /* Build configuration list for PBXProject "Restart" */ = {
			isa = XCConfigurationList;
			buildConfigurations = (
				FAB4BEDD283AD41E005F8B48 /* Debug */,
				FAB4BEDE283AD41E005F8B48 /* Release */,
			);
			defaultConfigurationIsVisible = 0;
			defaultConfigurationName = Release;
		};
		FAB4BEDF283AD41E005F8B48 /* Build configuration list for PBXNativeTarget "Restart" */ = {
			isa = XCConfigurationList;
			buildConfigurations = (
				FAB4BEE0283AD41E005F8B48 /* Debug */,
				FAB4BEE1283AD41E005F8B48 /* Release */,
			);
			defaultConfigurationIsVisible = 0;
			defaultConfigurationName = Release;
		};
/* End XCConfigurationList section */
	};
	rootObject = FAB4BEC9283AD418005F8B48 /* Project object */;
}
